
Microsoft Visual Studio Solution File, Format Version 12.00
# Visual Studio Version 16
VisualStudioVersion = 16.0.31911.196
MinimumVisualStudioVersion = 10.0.40219.1
Project("{2150E333-8FDC-42A3-9474-1A3956D46DE8}") = "FrontEnd", "FrontEnd", "{468E76DB-C600-488F-AF80-64A3B56F6149}"
EndProject
Project("{9A19103F-16F7-4668-BE54-9A1E7A4F7556}") = "Mango.Web", "FrontEnd\Mango.Web\Mango.Web.csproj", "{4286A2D2-D3AA-4DF1-A461-7B199504C5B3}"
EndProject
Project("{2150E333-8FDC-42A3-9474-1A3956D46DE8}") = "Services", "Services", "{D475D742-B5B0-473B-A8EE-22B774B26C81}"
EndProject
Project("{9A19103F-16F7-4668-BE54-9A1E7A4F7556}") = "Mango.Services.ProductAPI", "Services\Mango.Services.ProductAPI\Mango.Services.ProductAPI.csproj", "{4B4C1355-B1BF-4173-8CE1-FA6ECE4BD994}"
EndProject
Project("{9A19103F-16F7-4668-BE54-9A1E7A4F7556}") = "Mango.Services.Identity", "Services\Mango.Services.Identity\Mango.Services.Identity.csproj", "{6B94E24A-332D-4893-A919-AEBE603181A3}"
EndProject
Project("{9A19103F-16F7-4668-BE54-9A1E7A4F7556}") = "Mango.Services.ShoppingCartAPI", "Services\Mango.Services.ShoppingCartAPI\Mango.Services.ShoppingCartAPI.csproj", "{729C868D-72AC-47FD-B975-9DDB9CCD0533}"
EndProject
Project("{9A19103F-16F7-4668-BE54-9A1E7A4F7556}") = "Mango.Services.CouponAPI", "Services\Mango.Services.CouponAPI\Mango.Services.CouponAPI.csproj", "{3CCE7991-6255-4F8D-AB9F-AE290577C3C5}"
EndProject
Project("{2150E333-8FDC-42A3-9474-1A3956D46DE8}") = "Integrations", "Integrations", "{BCE16916-F7C6-4D97-8371-63396421A5C3}"
EndProject
Project("{9A19103F-16F7-4668-BE54-9A1E7A4F7556}") = "Mango.MessageBus", "Integrations\Mango.MessageBus\Mango.MessageBus.csproj", "{DCF5A2A2-D920-4B33-99E0-674FB6ACE7CD}"
EndProject
Project("{9A19103F-16F7-4668-BE54-9A1E7A4F7556}") = "Mango.Services.OrderAPI", "Services\Mango.Services.OrderAPI\Mango.Services.OrderAPI.csproj", "{B02BCE0F-3F59-4EB4-9ACC-0CAEB1355C8A}"
EndProject
Project("{2150E333-8FDC-42A3-9474-1A3956D46DE8}") = "Payment", "Payment", "{40627EDE-914A-4D79-BAAB-AC213C4796C4}"
EndProject
Project("{9A19103F-16F7-4668-BE54-9A1E7A4F7556}") = "PaymentProcessor", "Payment\PaymentProcessor\PaymentProcessor.csproj", "{12984675-D413-48A1-8864-CA8FD3B530F8}"
EndProject
Project("{9A19103F-16F7-4668-BE54-9A1E7A4F7556}") = "Mango.Services.PaymentAPI", "Services\Mango.Services.PaymentAPI\Mango.Services.PaymentAPI.csproj", "{6970211A-27E4-4B84-9644-B7DD25069499}"
EndProject
Project("{FAE04EC0-301F-11D3-BF4B-00C04F79EFBC}") = "Mango.Services.Email", "Services\Mango.Services.Email\Mango.Services.Email.csproj", "{0F631D06-2796-4D11-9F9F-BB45A2E0E0B3}"
EndProject
Global
	GlobalSection(SolutionConfigurationPlatforms) = preSolution
		Debug|Any CPU = Debug|Any CPU
		Release|Any CPU = Release|Any CPU
	EndGlobalSection
	GlobalSection(ProjectConfigurationPlatforms) = postSolution
		{4286A2D2-D3AA-4DF1-A461-7B199504C5B3}.Debug|Any CPU.ActiveCfg = Debug|Any CPU
		{4286A2D2-D3AA-4DF1-A461-7B199504C5B3}.Debug|Any CPU.Build.0 = Debug|Any CPU
		{4286A2D2-D3AA-4DF1-A461-7B199504C5B3}.Release|Any CPU.ActiveCfg = Release|Any CPU
		{4286A2D2-D3AA-4DF1-A461-7B199504C5B3}.Release|Any CPU.Build.0 = Release|Any CPU
		{4B4C1355-B1BF-4173-8CE1-FA6ECE4BD994}.Debug|Any CPU.ActiveCfg = Debug|Any CPU
		{4B4C1355-B1BF-4173-8CE1-FA6ECE4BD994}.Debug|Any CPU.Build.0 = Debug|Any CPU
		{4B4C1355-B1BF-4173-8CE1-FA6ECE4BD994}.Release|Any CPU.ActiveCfg = Release|Any CPU
		{4B4C1355-B1BF-4173-8CE1-FA6ECE4BD994}.Release|Any CPU.Build.0 = Release|Any CPU
		{6B94E24A-332D-4893-A919-AEBE603181A3}.Debug|Any CPU.ActiveCfg = Debug|Any CPU
		{6B94E24A-332D-4893-A919-AEBE603181A3}.Debug|Any CPU.Build.0 = Debug|Any CPU
		{6B94E24A-332D-4893-A919-AEBE603181A3}.Release|Any CPU.ActiveCfg = Release|Any CPU
		{6B94E24A-332D-4893-A919-AEBE603181A3}.Release|Any CPU.Build.0 = Release|Any CPU
		{729C868D-72AC-47FD-B975-9DDB9CCD0533}.Debug|Any CPU.ActiveCfg = Debug|Any CPU
		{729C868D-72AC-47FD-B975-9DDB9CCD0533}.Debug|Any CPU.Build.0 = Debug|Any CPU
		{729C868D-72AC-47FD-B975-9DDB9CCD0533}.Release|Any CPU.ActiveCfg = Release|Any CPU
		{729C868D-72AC-47FD-B975-9DDB9CCD0533}.Release|Any CPU.Build.0 = Release|Any CPU
		{3CCE7991-6255-4F8D-AB9F-AE290577C3C5}.Debug|Any CPU.ActiveCfg = Debug|Any CPU
		{3CCE7991-6255-4F8D-AB9F-AE290577C3C5}.Debug|Any CPU.Build.0 = Debug|Any CPU
		{3CCE7991-6255-4F8D-AB9F-AE290577C3C5}.Release|Any CPU.ActiveCfg = Release|Any CPU
		{3CCE7991-6255-4F8D-AB9F-AE290577C3C5}.Release|Any CPU.Build.0 = Release|Any CPU
		{DCF5A2A2-D920-4B33-99E0-674FB6ACE7CD}.Debug|Any CPU.ActiveCfg = Debug|Any CPU
		{DCF5A2A2-D920-4B33-99E0-674FB6ACE7CD}.Debug|Any CPU.Build.0 = Debug|Any CPU
		{DCF5A2A2-D920-4B33-99E0-674FB6ACE7CD}.Release|Any CPU.ActiveCfg = Release|Any CPU
		{DCF5A2A2-D920-4B33-99E0-674FB6ACE7CD}.Release|Any CPU.Build.0 = Release|Any CPU
		{B02BCE0F-3F59-4EB4-9ACC-0CAEB1355C8A}.Debug|Any CPU.ActiveCfg = Debug|Any CPU
		{B02BCE0F-3F59-4EB4-9ACC-0CAEB1355C8A}.Debug|Any CPU.Build.0 = Debug|Any CPU
		{B02BCE0F-3F59-4EB4-9ACC-0CAEB1355C8A}.Release|Any CPU.ActiveCfg = Release|Any CPU
		{B02BCE0F-3F59-4EB4-9ACC-0CAEB1355C8A}.Release|Any CPU.Build.0 = Release|Any CPU
		{12984675-D413-48A1-8864-CA8FD3B530F8}.Debug|Any CPU.ActiveCfg = Debug|Any CPU
		{12984675-D413-48A1-8864-CA8FD3B530F8}.Debug|Any CPU.Build.0 = Debug|Any CPU
		{12984675-D413-48A1-8864-CA8FD3B530F8}.Release|Any CPU.ActiveCfg = Release|Any CPU
		{12984675-D413-48A1-8864-CA8FD3B530F8}.Release|Any CPU.Build.0 = Release|Any CPU
		{6970211A-27E4-4B84-9644-B7DD25069499}.Debug|Any CPU.ActiveCfg = Debug|Any CPU
		{6970211A-27E4-4B84-9644-B7DD25069499}.Debug|Any CPU.Build.0 = Debug|Any CPU
		{6970211A-27E4-4B84-9644-B7DD25069499}.Release|Any CPU.ActiveCfg = Release|Any CPU
		{6970211A-27E4-4B84-9644-B7DD25069499}.Release|Any CPU.Build.0 = Release|Any CPU
		{0F631D06-2796-4D11-9F9F-BB45A2E0E0B3}.Debug|Any CPU.ActiveCfg = Debug|Any CPU
		{0F631D06-2796-4D11-9F9F-BB45A2E0E0B3}.Debug|Any CPU.Build.0 = Debug|Any CPU
		{0F631D06-2796-4D11-9F9F-BB45A2E0E0B3}.Release|Any CPU.ActiveCfg = Release|Any CPU
		{0F631D06-2796-4D11-9F9F-BB45A2E0E0B3}.Release|Any CPU.Build.0 = Release|Any CPU
	EndGlobalSection
	GlobalSection(SolutionProperties) = preSolution
		HideSolutionNode = FALSE
	EndGlobalSection
	GlobalSection(NestedProjects) = preSolution
		{4286A2D2-D3AA-4DF1-A461-7B199504C5B3} = {468E76DB-C600-488F-AF80-64A3B56F6149}
		{4B4C1355-B1BF-4173-8CE1-FA6ECE4BD994} = {D475D742-B5B0-473B-A8EE-22B774B26C81}
		{6B94E24A-332D-4893-A919-AEBE603181A3} = {D475D742-B5B0-473B-A8EE-22B774B26C81}
		{729C868D-72AC-47FD-B975-9DDB9CCD0533} = {D475D742-B5B0-473B-A8EE-22B774B26C81}
		{3CCE7991-6255-4F8D-AB9F-AE290577C3C5} = {D475D742-B5B0-473B-A8EE-22B774B26C81}
		{DCF5A2A2-D920-4B33-99E0-674FB6ACE7CD} = {BCE16916-F7C6-4D97-8371-63396421A5C3}
		{B02BCE0F-3F59-4EB4-9ACC-0CAEB1355C8A} = {D475D742-B5B0-473B-A8EE-22B774B26C81}
		{12984675-D413-48A1-8864-CA8FD3B530F8} = {40627EDE-914A-4D79-BAAB-AC213C4796C4}
		{6970211A-27E4-4B84-9644-B7DD25069499} = {D475D742-B5B0-473B-A8EE-22B774B26C81}
		{0F631D06-2796-4D11-9F9F-BB45A2E0E0B3} = {D475D742-B5B0-473B-A8EE-22B774B26C81}
	EndGlobalSection
	GlobalSection(ExtensibilityGlobals) = postSolution
		SolutionGuid = {36FD7436-0758-44D6-8681-734EEBF2EFC8}
	EndGlobalSection
EndGlobal
